// !$*UTF8*$!
{
	archiveVersion = 1;
	classes = {
	};
	objectVersion = 90;
	objects = {

/* Begin PBXBuildFile section */
		E25AD621305FB40200B3E14B /* MLX in Frameworks */ = {isa = PBXBuildFile; productRef = E25AD620305FB40200B3E14B /* MLX */; };
		E25AD623305FB40C00B3E14B /* MLXLLM in Frameworks */ = {isa = PBXBuildFile; productRef = E25AD622305FB40C00B3E14B /* MLXLLM */; };
		E25AD625305FB44500B3E14B /* MLXFast in Frameworks */ = {isa = PBXBuildFile; productRef = E25AD624305FB44500B3E14B /* MLXFast */; };
		E25AD627305FB44500B3E14B /* MLXFFT in Frameworks */ = {isa = PBXBuildFile; productRef = E25AD626305FB44500B3E14B /* MLXFFT */; };
		E25AD629305FB44500B3E14B /* MLXLinalg in Frameworks */ = {isa = PBXBuildFile; productRef = E25AD628305FB44500B3E14B /* MLXLinalg */; };
		E25AD62B305FB44500B3E14B /* MLXNN in Frameworks */ = {isa = PBXBuildFile; productRef = E25AD62A305FB44500B3E14B /* MLXNN */; };
		E25AD62D305FB44500B3E14B /* MLXOptimizers in Frameworks */ = {isa = PBXBuildFile; productRef = E25AD62C305FB44500B3E14B /* MLXOptimizers */; };
		E25AD62F305FB44500B3E14B /* MLXRandom in Frameworks */ = {isa = PBXBuildFile; productRef = E25AD62E305FB44500B3E14B /* MLXRandom */; };
		E25AD631305FB45200B3E14B /* BenchmarkHelpers in Frameworks */ = {isa = PBXBuildFile; productRef = E25AD630305FB45200B3E14B /* BenchmarkHelpers */; };
		E25AD633305FB45200B3E14B /* IntegrationTestHelpers in Frameworks */ = {isa = PBXBuildFile; productRef = E25AD632305FB45200B3E14B /* IntegrationTestHelpers */; };
		E25AD635305FB45200B3E14B /* MLXEmbedders in Frameworks */ = {isa = PBXBuildFile; productRef = E25AD634305FB45200B3E14B /* MLXEmbedders */; };
		E25AD637305FB45200B3E14B /* MLXHuggingFace in Frameworks */ = {isa = PBXBuildFile; productRef = E25AD636305FB45200B3E14B /* MLXHuggingFace */; };
		E25AD639305FB45200B3E14B /* MLXLMCommon in Frameworks */ = {isa = PBXBuildFile; productRef = E25AD638305FB45200B3E14B /* MLXLMCommon */; };
		E25AD63B305FB45200B3E14B /* MLXVLM in Frameworks */ = {isa = PBXBuildFile; productRef = E25AD63A305FB45200B3E14B /* MLXVLM */; };
		E25AD663305FC26100B3E14B /* HuggingFace in Frameworks */ = {isa = PBXBuildFile; productRef = E25AD662305FC26100B3E14B /* HuggingFace */; };
		E25AD666305FC29F00B3E14B /* Hub in Frameworks */ = {isa = PBXBuildFile; productRef = E25AD665305FC29F00B3E14B /* Hub */; };
		E25AD668305FC29F00B3E14B /* Tokenizers in Frameworks */ = {isa = PBXBuildFile; productRef = E25AD667305FC29F00B3E14B /* Tokenizers */; };
		E25AD66A305FC29F00B3E14B /* Transformers in Frameworks */ = {isa = PBXBuildFile; productRef = E25AD669305FC29F00B3E14B /* Transformers */; };
/* End PBXBuildFile section */

/* Begin PBXFileReference section */
		000000000000000000000120 /* DemoAIChatBot.app */ = {isa = PBXFileReference; explicitFileType = wrapper.application; includeInIndex = 0; path = DemoAIChatBot.app; sourceTree = BUILT_PRODUCTS_DIR; };
/* End PBXFileReference section */

/* Begin PBXFileSystemSynchronizedBuildFileExceptionSet section */
		E25AD66C305FCCFD00B3E14B /* Exceptions for "DemoAIChatBot" folder in "DemoAIChatBot" target */ = {
			isa = PBXFileSystemSynchronizedBuildFileExceptionSet;
			membershipExceptions = (
				Info.plist,
			);
			target = 000000000000000100000000 /* DemoAIChatBot */;
		};
/* End PBXFileSystemSynchronizedBuildFileExceptionSet section */

/* Begin PBXFileSystemSynchronizedRootGroup section */
		000000000000000000000010 /* DemoAIChatBot */ = {
			isa = PBXFileSystemSynchronizedRootGroup;
			exceptions = (
				E25AD66C305FCCFD00B3E14B /* Exceptions for "DemoAIChatBot" folder in "DemoAIChatBot" target */,
			);
			path = DemoAIChatBot;
			sourceTree = "<group>";
		};
/* End PBXFileSystemSynchronizedRootGroup section */

/* Begin PBXFrameworksBuildPhase section */
		000000000000000130000000 /* Frameworks */ = {
			isa = PBXFrameworksBuildPhase;
			files = (
				E25AD62B305FB44500B3E14B /* MLXNN in Frameworks */,
				E25AD633305FB45200B3E14B /* IntegrationTestHelpers in Frameworks */,
				E25AD666305FC29F00B3E14B /* Hub in Frameworks */,
				E25AD663305FC26100B3E14B /* HuggingFace in Frameworks */,
				E25AD629305FB44500B3E14B /* MLXLinalg in Frameworks */,
				E25AD631305FB45200B3E14B /* BenchmarkHelpers in Frameworks */,
				E25AD66A305FC29F00B3E14B /* Transformers in Frameworks */,
				E25AD625305FB44500B3E14B /* MLXFast in Frameworks */,
				E25AD62F305FB44500B3E14B /* MLXRandom in Frameworks */,
				E25AD635305FB45200B3E14B /* MLXEmbedders in Frameworks */,
				E25AD623305FB40C00B3E14B /* MLXLLM in Frameworks */,
				E25AD62D305FB44500B3E14B /* MLXOptimizers in Frameworks */,
				E25AD621305FB40200B3E14B /* MLX in Frameworks */,
				E25AD63B305FB45200B3E14B /* MLXVLM in Frameworks */,
				E25AD627305FB44500B3E14B /* MLXFFT in Frameworks */,
				E25AD637305FB45200B3E14B /* MLXHuggingFace in Frameworks */,
				E25AD668305FC29F00B3E14B /* Tokenizers in Frameworks */,
				E25AD639305FB45200B3E14B /* MLXLMCommon in Frameworks */,
			);
		};
/* End PBXFrameworksBuildPhase section */

/* Begin PBXGroup section */
		000000000000000000000001 = {
			isa = PBXGroup;
			children = (
				000000000000000000000010 /* DemoAIChatBot */,
				E25AD61F305FB40200B3E14B /* Frameworks */,
				000000000000000000000020 /* Products */,
			);
			sourceTree = "<group>";
		};
		000000000000000000000020 /* Products */ = {
			isa = PBXGroup;
			children = (
				000000000000000000000120 /* DemoAIChatBot.app */,
			);
			name = Products;
			sourceTree = "<group>";
		};
		E25AD61F305FB40200B3E14B /* Frameworks */ = {
			isa = PBXGroup;
			children = (
			);
			name = Frameworks;
			sourceTree = "<group>";
		};
/* End PBXGroup section */

/* Begin PBXNativeTarget section */
		000000000000000100000000 /* DemoAIChatBot */ = {
			isa = PBXNativeTarget;
			buildConfigurationList = 000000000000000110000000 /* Build configuration list for PBXNativeTarget "DemoAIChatBot" */;
			buildPhases = (
				000000000000000120000000 /* Sources */,
				000000000000000130000000 /* Frameworks */,
				000000000000000140000000 /* Resources */,
			);
			buildRules = (
			);
			fileSystemSynchronizedGroups = (
				000000000000000000000010 /* DemoAIChatBot */,
			);
			name = DemoAIChatBot;
			packageProductDependencies = (
				E25AD620305FB40200B3E14B /* MLX */,
				E25AD622305FB40C00B3E14B /* MLXLLM */,
				E25AD624305FB44500B3E14B /* MLXFast */,
				E25AD626305FB44500B3E14B /* MLXFFT */,
				E25AD628305FB44500B3E14B /* MLXLinalg */,
				E25AD62A305FB44500B3E14B /* MLXNN */,
				E25AD62C305FB44500B3E14B /* MLXOptimizers */,
				E25AD62E305FB44500B3E14B /* MLXRandom */,
				E25AD630305FB45200B3E14B /* BenchmarkHelpers */,
				E25AD632305FB45200B3E14B /* IntegrationTestHelpers */,
				E25AD634305FB45200B3E14B /* MLXEmbedders */,
				E25AD636305FB45200B3E14B /* MLXHuggingFace */,
				E25AD638305FB45200B3E14B /* MLXLMCommon */,
				E25AD63A305FB45200B3E14B /* MLXVLM */,
				E25AD662305FC26100B3E14B /* HuggingFace */,
				E25AD665305FC29F00B3E14B /* Hub */,
				E25AD667305FC29F00B3E14B /* Tokenizers */,
				E25AD669305FC29F00B3E14B /* Transformers */,
			);
			productName = MyApp;
			productReference = 000000000000000000000120 /* DemoAIChatBot.app */;
			productType = "com.apple.product-type.application";
		};
/* End PBXNativeTarget section */

/* Begin PBXProject section */
		000000000000000000000000 /* Project object */ = {
			isa = PBXProject;
			attributes = {
				BuildIndependentTargetsInParallel = 1;
				LastSwiftUpdateCheck = 2630;
				LastUpgradeCheck = 2700;
				TargetAttributes = {
					000000000000000100000000 = {
						CreatedOnToolsVersion = 26.3;
					};
				};
			};
			buildConfigurationList = 000000000000000010000000 /* Build configuration list for PBXProject "DemoAIChatBot" */;
			developmentRegion = en;
			hasScannedForEncodings = 0;
			knownRegions = (
				en,
				Base,
			);
			mainGroup = 000000000000000000000001;
			minimizedProjectReferenceProxies = 1;
			packageReferences = (
				E25AD61C305FB01700B3E14B /* XCRemoteSwiftPackageReference "mlx-swift" */,
				E25AD61D305FB0A700B3E14B /* XCRemoteSwiftPackageReference "mlx-swift-lm" */,
				E25AD661305FC26100B3E14B /* XCRemoteSwiftPackageReference "swift-huggingface" */,
				E25AD664305FC29F00B3E14B /* XCRemoteSwiftPackageReference "swift-transformers" */,
			);
			preferredProjectObjectVersion = 90;
			productRefGroup = 000000000000000000000020 /* Products */;
			projectDirPath = "";
			projectRoot = "";
			targets = (
				000000000000000100000000 /* DemoAIChatBot */,
			);
		};
/* End PBXProject section */

/* Begin PBXResourcesBuildPhase section */
		000000000000000140000000 /* Resources */ = {
			isa = PBXResourcesBuildPhase;
			files = (
			);
		};
/* End PBXResourcesBuildPhase section */

/* Begin PBXSourcesBuildPhase section */
		000000000000000120000000 /* Sources */ = {
			isa = PBXSourcesBuildPhase;
			files = (
			);
		};
/* End PBXSourcesBuildPhase section */

/* Begin XCBuildConfiguration section */
		000000000000000011000000 /* Debug configuration for PBXProject "DemoAIChatBot" */ = {
			isa = XCBuildConfiguration;
			buildSettings = {
				ALWAYS_SEARCH_USER_PATHS = NO;
				ASSETCATALOG_COMPILER_GENERATE_SWIFT_ASSET_SYMBOL_EXTENSIONS = YES;
				CLANG_ANALYZER_NONNULL = YES;
				CLANG_ANALYZER_NUMBER_OBJECT_CONVERSION = YES_AGGRESSIVE;
				CLANG_CXX_LANGUAGE_STANDARD = "gnu++20";
				CLANG_ENABLE_MODULES = YES;
				CLANG_ENABLE_OBJC_ARC = YES;
				CLANG_ENABLE_OBJC_WEAK = YES;
				CLANG_WARN_BLOCK_CAPTURE_AUTORELEASING = YES;
				CLANG_WARN_BOOL_CONVERSION = YES;
				CLANG_WARN_COMMA = YES;
				CLANG_WARN_CONSTANT_CONVERSION = YES;
				CLANG_WARN_DEPRECATED_OBJC_IMPLEMENTATIONS = YES;
				CLANG_WARN_DIRECT_OBJC_ISA_USAGE = YES_ERROR;
				CLANG_WARN_DOCUMENTATION_COMMENTS = YES;
				CLANG_WARN_EMPTY_BODY = YES;
				CLANG_WARN_ENUM_CONVERSION = YES;
				CLANG_WARN_INFINITE_RECURSION = YES;
				CLANG_WARN_INT_CONVERSION = YES;
				CLANG_WARN_NON_LITERAL_NULL_CONVERSION = YES;
				CLANG_WARN_OBJC_IMPLICIT_RETAIN_SELF = YES;
				CLANG_WARN_OBJC_LITERAL_CONVERSION = YES;
				CLANG_WARN_OBJC_ROOT_CLASS = YES_ERROR;
				CLANG_WARN_QUOTED_INCLUDE_IN_FRAMEWORK_HEADER = YES;
				CLANG_WARN_RANGE_LOOP_ANALYSIS = YES;
				CLANG_WARN_STRICT_PROTOTYPES = YES;
				CLANG_WARN_SUSPICIOUS_MOVE = YES;
				CLANG_WARN_UNGUARDED_AVAILABILITY = YES_AGGRESSIVE;
				CLANG_WARN_UNREACHABLE_CODE = YES;
				CLANG_WARN__DUPLICATE_METHOD_MATCH = YES;
				COPY_PHASE_STRIP = NO;
				DEAD_CODE_STRIPPING = YES;
				DEBUG_INFORMATION_FORMAT = dwarf;
				DRIVERKIT_DEPLOYMENT_TARGET = 27.0;
				ENABLE_STRICT_OBJC_MSGSEND = YES;
				ENABLE_TESTABILITY = YES;
				ENABLE_USER_SCRIPT_SANDBOXING = YES;
				GCC_C_LANGUAGE_STANDARD = gnu17;
				GCC_DYNAMIC_NO_PIC = NO;
				GCC_NO_COMMON_BLOCKS = YES;
				GCC_OPTIMIZATION_LEVEL = 0;
				GCC_PREPROCESSOR_DEFINITIONS = (
					"DEBUG=1",
					"$(inherited)",
				);
				GCC_WARN_64_TO_32_BIT_CONVERSION = YES;
				GCC_WARN_ABOUT_RETURN_TYPE = YES_ERROR;
				GCC_WARN_UNDECLARED_SELECTOR = YES;
				GCC_WARN_UNINITIALIZED_AUTOS = YES_AGGRESSIVE;
				GCC_WARN_UNUSED_FUNCTION = YES;
				GCC_WARN_UNUSED_VARIABLE = YES;
				IPHONEOS_DEPLOYMENT_TARGET = 27.0;
				LOCALIZATION_PREFERS_STRING_CATALOGS = YES;
				MACOSX_DEPLOYMENT_TARGET = 26.6.2;
				MTL_ENABLE_DEBUG_INFO = INCLUDE_SOURCE;
				MTL_FAST_MATH = YES;
				ONLY_ACTIVE_ARCH = YES;
				PROJECT_UNIQUE_VALUE = ZXK6EPT1;
				STRING_CATALOG_GENERATE_SYMBOLS = YES;
				SWIFT_ACTIVE_COMPILATION_CONDITIONS = "DEBUG $(inherited)";
				SWIFT_OPTIMIZATION_LEVEL = "-Onone";
				TVOS_DEPLOYMENT_TARGET = 27.0;
				WATCHOS_DEPLOYMENT_TARGET = 27.0;
				XROS_DEPLOYMENT_TARGET = 27.0;
			};
			name = Debug;
		};
		000000000000000012000000 /* Release configuration for PBXProject "DemoAIChatBot" */ = {
			isa = XCBuildConfiguration;
			buildSettings = {
				ALWAYS_SEARCH_USER_PATHS = NO;
				ASSETCATALOG_COMPILER_GENERATE_SWIFT_ASSET_SYMBOL_EXTENSIONS = YES;
				CLANG_ANALYZER_NONNULL = YES;
				CLANG_ANALYZER_NUMBER_OBJECT_CONVERSION = YES_AGGRESSIVE;
				CLANG_CXX_LANGUAGE_STANDARD = "gnu++20";
				CLANG_ENABLE_MODULES = YES;
				CLANG_ENABLE_OBJC_ARC = YES;
				CLANG_ENABLE_OBJC_WEAK = YES;
				CLANG_WARN_BLOCK_CAPTURE_AUTORELEASING = YES;
				CLANG_WARN_BOOL_CONVERSION = YES;
				CLANG_WARN_COMMA = YES;
				CLANG_WARN_CONSTANT_CONVERSION = YES;
				CLANG_WARN_DEPRECATED_OBJC_IMPLEMENTATIONS = YES;
				CLANG_WARN_DIRECT_OBJC_ISA_USAGE = YES_ERROR;
				CLANG_WARN_DOCUMENTATION_COMMENTS = YES;
				CLANG_WARN_EMPTY_BODY = YES;
				CLANG_WARN_ENUM_CONVERSION = YES;
				CLANG_WARN_INFINITE_RECURSION = YES;
				CLANG_WARN_INT_CONVERSION = YES;
				CLANG_WARN_NON_LITERAL_NULL_CONVERSION = YES;
				CLANG_WARN_OBJC_IMPLICIT_RETAIN_SELF = YES;
				CLANG_WARN_OBJC_LITERAL_CONVERSION = YES;
				CLANG_WARN_OBJC_ROOT_CLASS = YES_ERROR;
				CLANG_WARN_QUOTED_INCLUDE_IN_FRAMEWORK_HEADER = YES;
				CLANG_WARN_RANGE_LOOP_ANALYSIS = YES;
				CLANG_WARN_STRICT_PROTOTYPES = YES;
				CLANG_WARN_SUSPICIOUS_MOVE = YES;
				CLANG_WARN_UNGUARDED_AVAILABILITY = YES_AGGRESSIVE;
				CLANG_WARN_UNREACHABLE_CODE = YES;
				CLANG_WARN__DUPLICATE_METHOD_MATCH = YES;
				COPY_PHASE_STRIP = NO;
				DEAD_CODE_STRIPPING = YES;
				DEBUG_INFORMATION_FORMAT = "dwarf-with-dsym";
				DRIVERKIT_DEPLOYMENT_TARGET = 27.0;
				ENABLE_NS_ASSERTIONS = NO;
				ENABLE_STRICT_OBJC_MSGSEND = YES;
				ENABLE_USER_SCRIPT_SANDBOXING = YES;
				GCC_C_LANGUAGE_STANDARD = gnu17;
				GCC_NO_COMMON_BLOCKS = YES;
				GCC_WARN_64_TO_32_BIT_CONVERSION = YES;
				GCC_WARN_ABOUT_RETURN_TYPE = YES_ERROR;
				GCC_WARN_UNDECLARED_SELECTOR = YES;
				GCC_WARN_UNINITIALIZED_AUTOS = YES_AGGRESSIVE;
				GCC_WARN_UNUSED_FUNCTION = YES;
				GCC_WARN_UNUSED_VARIABLE = YES;
				IPHONEOS_DEPLOYMENT_TARGET = 27.0;
				LOCALIZATION_PREFERS_STRING_CATALOGS = YES;
				MACOSX_DEPLOYMENT_TARGET = 26.6.2;
				MTL_ENABLE_DEBUG_INFO = NO;
				MTL_FAST_MATH = YES;
				PROJECT_UNIQUE_VALUE = ZXK6EPT1;
				STRING_CATALOG_GENERATE_SYMBOLS = YES;
				SWIFT_COMPILATION_MODE = wholemodule;
				TVOS_DEPLOYMENT_TARGET = 27.0;
				WATCHOS_DEPLOYMENT_TARGET = 27.0;
				XROS_DEPLOYMENT_TARGET = 27.0;
			};
			name = Release;
		};
		000000000000000111000000 /* Debug configuration for PBXNativeTarget "DemoAIChatBot" */ = {
			isa = XCBuildConfiguration;
			buildSettings = {
				CODE_SIGN_ENTITLEMENTS = DemoAIChatBot/DemoAIChatBot.entitlements;
				CODE_SIGN_STYLE = Automatic;
				CURRENT_PROJECT_VERSION = 1;
				DEVELOPMENT_TEAM = 4YT46K86P9;
				ENABLE_APP_SANDBOX = YES;
				ENABLE_PREVIEWS = YES;
				ENABLE_USER_SELECTED_FILES = readonly;
				GENERATE_INFOPLIST_FILE = YES;
				INFOPLIST_FILE = DemoAIChatBot/Info.plist;
				"INFOPLIST_KEY_UIApplicationSceneManifest_Generation[sdk=iphoneos*]" = YES;
				"INFOPLIST_KEY_UIApplicationSceneManifest_Generation[sdk=iphonesimulator*]" = YES;
				"INFOPLIST_KEY_UIApplicationSupportsIndirectInputEvents[sdk=iphoneos*]" = YES;
				"INFOPLIST_KEY_UIApplicationSupportsIndirectInputEvents[sdk=iphonesimulator*]" = YES;
				"INFOPLIST_KEY_UILaunchScreen_Generation[sdk=iphoneos*]" = YES;
				"INFOPLIST_KEY_UILaunchScreen_Generation[sdk=iphonesimulator*]" = YES;
				"INFOPLIST_KEY_UIStatusBarStyle[sdk=iphoneos*]" = UIStatusBarStyleDefault;
				"INFOPLIST_KEY_UIStatusBarStyle[sdk=iphonesimulator*]" = UIStatusBarStyleDefault;
				INFOPLIST_KEY_UISupportedInterfaceOrientations_iPad = "UIInterfaceOrientationPortrait UIInterfaceOrientationPortraitUpsideDown UIInterfaceOrientationLandscapeLeft UIInterfaceOrientationLandscapeRight";
				INFOPLIST_KEY_UISupportedInterfaceOrientations_iPhone = "UIInterfaceOrientationPortrait UIInterfaceOrientationLandscapeLeft UIInterfaceOrientationLandscapeRight";
				IPHONEOS_DEPLOYMENT_TARGET = 18.6;
				LD_RUNPATH_SEARCH_PATHS = "@executable_path/Frameworks";
				"LD_RUNPATH_SEARCH_PATHS[sdk=macosx*]" = "@executable_path/../Frameworks";
				MARKETING_VERSION = 1.0;
				PRODUCT_BUNDLE_IDENTIFIER = com.prosenjitkolaypersonalteam.DemoAIChatBot;
				PRODUCT_NAME = "$(TARGET_NAME)";
				REGISTER_APP_GROUPS = YES;
				SDKROOT = auto;
				STRING_CATALOG_GENERATE_SYMBOLS = YES;
				SUPPORTED_PLATFORMS = "iphoneos iphonesimulator macosx xros xrsimulator";
				SWIFT_APPROACHABLE_CONCURRENCY = YES;
				SWIFT_DEFAULT_ACTOR_ISOLATION = MainActor;
				SWIFT_EMIT_LOC_STRINGS = YES;
				SWIFT_UPCOMING_FEATURE_MEMBER_IMPORT_VISIBILITY = YES;
				SWIFT_VERSION = 5.0;
				TARGETED_DEVICE_FAMILY = "1,2,7";
			};
			name = Debug;
		};
		000000000000000112000000 /* Release configuration for PBXNativeTarget "DemoAIChatBot" */ = {
			isa = XCBuildConfiguration;
			buildSettings = {
				CODE_SIGN_ENTITLEMENTS = DemoAIChatBot/DemoAIChatBot.entitlements;
				CODE_SIGN_STYLE = Automatic;
				CURRENT_PROJECT_VERSION = 1;
				DEVELOPMENT_TEAM = 4YT46K86P9;
				ENABLE_APP_SANDBOX = YES;
				ENABLE_PREVIEWS = YES;
				ENABLE_USER_SELECTED_FILES = readonly;
				GENERATE_INFOPLIST_FILE = YES;
				INFOPLIST_FILE = DemoAIChatBot/Info.plist;
				"INFOPLIST_KEY_UIApplicationSceneManifest_Generation[sdk=iphoneos*]" = YES;
				"INFOPLIST_KEY_UIApplicationSceneManifest_Generation[sdk=iphonesimulator*]" = YES;
				"INFOPLIST_KEY_UIApplicationSupportsIndirectInputEvents[sdk=iphoneos*]" = YES;
				"INFOPLIST_KEY_UIApplicationSupportsIndirectInputEvents[sdk=iphonesimulator*]" = YES;
				"INFOPLIST_KEY_UILaunchScreen_Generation[sdk=iphoneos*]" = YES;
				"INFOPLIST_KEY_UILaunchScreen_Generation[sdk=iphonesimulator*]" = YES;
				"INFOPLIST_KEY_UIStatusBarStyle[sdk=iphoneos*]" = UIStatusBarStyleDefault;
				"INFOPLIST_KEY_UIStatusBarStyle[sdk=iphonesimulator*]" = UIStatusBarStyleDefault;
				INFOPLIST_KEY_UISupportedInterfaceOrientations_iPad = "UIInterfaceOrientationPortrait UIInterfaceOrientationPortraitUpsideDown UIInterfaceOrientationLandscapeLeft UIInterfaceOrientationLandscapeRight";
				INFOPLIST_KEY_UISupportedInterfaceOrientations_iPhone = "UIInterfaceOrientationPortrait UIInterfaceOrientationLandscapeLeft UIInterfaceOrientationLandscapeRight";
				IPHONEOS_DEPLOYMENT_TARGET = 18.6;
				LD_RUNPATH_SEARCH_PATHS = "@executable_path/Frameworks";
				"LD_RUNPATH_SEARCH_PATHS[sdk=macosx*]" = "@executable_path/../Frameworks";
				MARKETING_VERSION = 1.0;
				PRODUCT_BUNDLE_IDENTIFIER = com.prosenjitkolaypersonalteam.DemoAIChatBot;
				PRODUCT_NAME = "$(TARGET_NAME)";
				REGISTER_APP_GROUPS = YES;
				SDKROOT = auto;
				STRING_CATALOG_GENERATE_SYMBOLS = YES;
				SUPPORTED_PLATFORMS = "iphoneos iphonesimulator macosx xros xrsimulator";
				SWIFT_APPROACHABLE_CONCURRENCY = YES;
				SWIFT_DEFAULT_ACTOR_ISOLATION = MainActor;
				SWIFT_EMIT_LOC_STRINGS = YES;
				SWIFT_UPCOMING_FEATURE_MEMBER_IMPORT_VISIBILITY = YES;
				SWIFT_VERSION = 5.0;
				TARGETED_DEVICE_FAMILY = "1,2,7";
			};
			name = Release;
		};
/* End XCBuildConfiguration section */

/* Begin XCConfigurationList section */
		000000000000000010000000 /* Build configuration list for PBXProject "DemoAIChatBot" */ = {
			isa = XCConfigurationList;
			buildConfigurations = (
				000000000000000011000000 /* Debug configuration for PBXProject "DemoAIChatBot" */,
				000000000000000012000000 /* Release configuration for PBXProject "DemoAIChatBot" */,
			);
			defaultConfigurationName = Release;
		};
		000000000000000110000000 /* Build configuration list for PBXNativeTarget "DemoAIChatBot" */ = {
			isa = XCConfigurationList;
			buildConfigurations = (
				000000000000000111000000 /* Debug configuration for PBXNativeTarget "DemoAIChatBot" */,
				000000000000000112000000 /* Release configuration for PBXNativeTarget "DemoAIChatBot" */,
			);
			defaultConfigurationName = Release;
		};
/* End XCConfigurationList section */

/* Begin XCRemoteSwiftPackageReference section */
		E25AD61C305FB01700B3E14B /* XCRemoteSwiftPackageReference "mlx-swift" */ = {
			isa = XCRemoteSwiftPackageReference;
			repositoryURL = "https://github.com/ml-explore/mlx-swift.git";
			requirement = {
				kind = upToNextMajorVersion;
				minimumVersion = 0.31.6;
			};
		};
		E25AD61D305FB0A700B3E14B /* XCRemoteSwiftPackageReference "mlx-swift-lm" */ = {
			isa = XCRemoteSwiftPackageReference;
			repositoryURL = "https://github.com/ml-explore/mlx-swift-lm.git";
			requirement = {
				kind = upToNextMajorVersion;
				minimumVersion = 3.31.4;
			};
		};
		E25AD661305FC26100B3E14B /* XCRemoteSwiftPackageReference "swift-huggingface" */ = {
			isa = XCRemoteSwiftPackageReference;
			repositoryURL = "https://github.com/huggingface/swift-huggingface";
			requirement = {
				kind = upToNextMajorVersion;
				minimumVersion = 0.11.0;
			};
			traits = (
			);
		};
		E25AD664305FC29F00B3E14B /* XCRemoteSwiftPackageReference "swift-transformers" */ = {
			isa = XCRemoteSwiftPackageReference;
			repositoryURL = "https://github.com/huggingface/swift-transformers";
			requirement = {
				kind = upToNextMajorVersion;
				minimumVersion = 1.3.4;
			};
			traits = (
			);
		};
/* End XCRemoteSwiftPackageReference section */

/* Begin XCSwiftPackageProductDependency section */
		E25AD620305FB40200B3E14B /* MLX */ = {
			isa = XCSwiftPackageProductDependency;
			package = E25AD61C305FB01700B3E14B /* XCRemoteSwiftPackageReference "mlx-swift" */;
			productName = MLX;
		};
		E25AD622305FB40C00B3E14B /* MLXLLM */ = {
			isa = XCSwiftPackageProductDependency;
			package = E25AD61D305FB0A700B3E14B /* XCRemoteSwiftPackageReference "mlx-swift-lm" */;
			productName = MLXLLM;
		};
		E25AD624305FB44500B3E14B /* MLXFast */ = {
			isa = XCSwiftPackageProductDependency;
			package = E25AD61C305FB01700B3E14B /* XCRemoteSwiftPackageReference "mlx-swift" */;
			productName = MLXFast;
		};
		E25AD626305FB44500B3E14B /* MLXFFT */ = {
			isa = XCSwiftPackageProductDependency;
			package = E25AD61C305FB01700B3E14B /* XCRemoteSwiftPackageReference "mlx-swift" */;
			productName = MLXFFT;
		};
		E25AD628305FB44500B3E14B /* MLXLinalg */ = {
			isa = XCSwiftPackageProductDependency;
			package = E25AD61C305FB01700B3E14B /* XCRemoteSwiftPackageReference "mlx-swift" */;
			productName = MLXLinalg;
		};
		E25AD62A305FB44500B3E14B /* MLXNN */ = {
			isa = XCSwiftPackageProductDependency;
			package = E25AD61C305FB01700B3E14B /* XCRemoteSwiftPackageReference "mlx-swift" */;
			productName = MLXNN;
		};
		E25AD62C305FB44500B3E14B /* MLXOptimizers */ = {
			isa = XCSwiftPackageProductDependency;
			package = E25AD61C305FB01700B3E14B /* XCRemoteSwiftPackageReference "mlx-swift" */;
			productName = MLXOptimizers;
		};
		E25AD62E305FB44500B3E14B /* MLXRandom */ = {
			isa = XCSwiftPackageProductDependency;
			package = E25AD61C305FB01700B3E14B /* XCRemoteSwiftPackageReference "mlx-swift" */;
			productName = MLXRandom;
		};
		E25AD630305FB45200B3E14B /* BenchmarkHelpers */ = {
			isa = XCSwiftPackageProductDependency;
			package = E25AD61D305FB0A700B3E14B /* XCRemoteSwiftPackageReference "mlx-swift-lm" */;
			productName = BenchmarkHelpers;
		};
		E25AD632305FB45200B3E14B /* IntegrationTestHelpers */ = {
			isa = XCSwiftPackageProductDependency;
			package = E25AD61D305FB0A700B3E14B /* XCRemoteSwiftPackageReference "mlx-swift-lm" */;
			productName = IntegrationTestHelpers;
		};
		E25AD634305FB45200B3E14B /* MLXEmbedders */ = {
			isa = XCSwiftPackageProductDependency;
			package = E25AD61D305FB0A700B3E14B /* XCRemoteSwiftPackageReference "mlx-swift-lm" */;
			productName = MLXEmbedders;
		};
		E25AD636305FB45200B3E14B /* MLXHuggingFace */ = {
			isa = XCSwiftPackageProductDependency;
			package = E25AD61D305FB0A700B3E14B /* XCRemoteSwiftPackageReference "mlx-swift-lm" */;
			productName = MLXHuggingFace;
		};
		E25AD638305FB45200B3E14B /* MLXLMCommon */ = {
			isa = XCSwiftPackageProductDependency;
			package = E25AD61D305FB0A700B3E14B /* XCRemoteSwiftPackageReference "mlx-swift-lm" */;
			productName = MLXLMCommon;
		};
		E25AD63A305FB45200B3E14B /* MLXVLM */ = {
			isa = XCSwiftPackageProductDependency;
			package = E25AD61D305FB0A700B3E14B /* XCRemoteSwiftPackageReference "mlx-swift-lm" */;
			productName = MLXVLM;
		};
		E25AD662305FC26100B3E14B /* HuggingFace */ = {
			isa = XCSwiftPackageProductDependency;
			package = E25AD661305FC26100B3E14B /* XCRemoteSwiftPackageReference "swift-huggingface" */;
			productName = HuggingFace;
		};
		E25AD665305FC29F00B3E14B /* Hub */ = {
			isa = XCSwiftPackageProductDependency;
			package = E25AD664305FC29F00B3E14B /* XCRemoteSwiftPackageReference "swift-transformers" */;
			productName = Hub;
		};
		E25AD667305FC29F00B3E14B /* Tokenizers */ = {
			isa = XCSwiftPackageProductDependency;
			package = E25AD664305FC29F00B3E14B /* XCRemoteSwiftPackageReference "swift-transformers" */;
			productName = Tokenizers;
		};
		E25AD669305FC29F00B3E14B /* Transformers */ = {
			isa = XCSwiftPackageProductDependency;
			package = E25AD664305FC29F00B3E14B /* XCRemoteSwiftPackageReference "swift-transformers" */;
			productName = Transformers;
		};
/* End XCSwiftPackageProductDependency section */
	};
	rootObject = 000000000000000000000000 /* Project object */;
}
